// !$*UTF8*$!
{
	archiveVersion = 1;
	classes = {
	};
	objectVersion = 52;
	objects = {

/* Begin PBXBuildFile section */
		44317A5823E671A4003D854A /* ShoppingCategoriesViewController.swift in Sources */ = {isa = PBXBuildFile; fileRef = 44317A5723E671A4003D854A /* ShoppingCategoriesViewController.swift */; };
		44317A5A23E671E2003D854A /* ShoppingCategoryCell.swift in Sources */ = {isa = PBXBuildFile; fileRef = 44317A5923E671E2003D854A /* ShoppingCategoryCell.swift */; };
		4469D28323F9CA4F004BFD29 /* CloudKit.framework in Frameworks */ = {isa = PBXBuildFile; fileRef = 4469D28223F9CA4F004BFD29 /* CloudKit.framework */; };
		4469D28523FB26B1004BFD29 /* Record.swift in Sources */ = {isa = PBXBuildFile; fileRef = 4469D28423FB26B1004BFD29 /* Record.swift */; };
		982DEAD623E00D75006FC3AC /* FormSelectionPickerViewController.swift in Sources */ = {isa = PBXBuildFile; fileRef = 982DEAD523E00D75006FC3AC /* FormSelectionPickerViewController.swift */; };
		986074A623DFCEF30014B153 /* FormTextInputCell.swift in Sources */ = {isa = PBXBuildFile; fileRef = 986074A523DFCEF30014B153 /* FormTextInputCell.swift */; };
		986074A823DFD07E0014B153 /* FormViewController.swift in Sources */ = {isa = PBXBuildFile; fileRef = 986074A723DFD07E0014B153 /* FormViewController.swift */; };
		986074AB23DFD3E60014B153 /* FormField.swift in Sources */ = {isa = PBXBuildFile; fileRef = 986074AA23DFD3E60014B153 /* FormField.swift */; };
		986074AD23DFD6DA0014B153 /* ItemFormViewController.swift in Sources */ = {isa = PBXBuildFile; fileRef = 986074AC23DFD6DA0014B153 /* ItemFormViewController.swift */; };
		986074AF23DFEE7A0014B153 /* FormSelectInputCell.swift in Sources */ = {isa = PBXBuildFile; fileRef = 986074AE23DFEE7A0014B153 /* FormSelectInputCell.swift */; };
		986074B123DFF05B0014B153 /* FormCellProtocol.swift in Sources */ = {isa = PBXBuildFile; fileRef = 986074B023DFF05B0014B153 /* FormCellProtocol.swift */; };
		98880EE223D0173600A54315 /* ViewUtils.swift in Sources */ = {isa = PBXBuildFile; fileRef = 98880EE123D0173600A54315 /* ViewUtils.swift */; };
		98880EE423D024A500A54315 /* TransactionCategory.swift in Sources */ = {isa = PBXBuildFile; fileRef = 98880EE323D024A500A54315 /* TransactionCategory.swift */; };
		9889219523CB9DF8009AB805 /* ShoppingListViewController.swift in Sources */ = {isa = PBXBuildFile; fileRef = 9889219423CB9DF8009AB805 /* ShoppingListViewController.swift */; };
		9889219723CB9E09009AB805 /* FinancesPlannerViewController.swift in Sources */ = {isa = PBXBuildFile; fileRef = 9889219623CB9E09009AB805 /* FinancesPlannerViewController.swift */; };
		988921D723CC1B96009AB805 /* DatabaseManager.swift in Sources */ = {isa = PBXBuildFile; fileRef = 988921D623CC1B96009AB805 /* DatabaseManager.swift */; };
		988921DE23CC1C6D009AB805 /* ShoppingItem.swift in Sources */ = {isa = PBXBuildFile; fileRef = 988921DD23CC1C6D009AB805 /* ShoppingItem.swift */; };
		9890FA3423D69F6600D9DBAE /* BudgetCategoryCell.swift in Sources */ = {isa = PBXBuildFile; fileRef = 9890FA3323D69F6600D9DBAE /* BudgetCategoryCell.swift */; };
		9890FA3623D6D35B00D9DBAE /* ShoppingCategory.swift in Sources */ = {isa = PBXBuildFile; fileRef = 9890FA3523D6D35B00D9DBAE /* ShoppingCategory.swift */; };
		989F26F023D3CB8600B3EEED /* ConversionUtils.swift in Sources */ = {isa = PBXBuildFile; fileRef = 989F26EF23D3CB8600B3EEED /* ConversionUtils.swift */; };
		989F26F423D69BDC00B3EEED /* BudgetCategoriesViewController.swift in Sources */ = {isa = PBXBuildFile; fileRef = 989F26F323D69BDC00B3EEED /* BudgetCategoriesViewController.swift */; };
		98CCB0BE23CD517500CA8C1B /* ErrorUtils.swift in Sources */ = {isa = PBXBuildFile; fileRef = 98CCB0BD23CD517500CA8C1B /* ErrorUtils.swift */; };
		98CCB0C023CD5CE100CA8C1B /* ShoppingItemCell.swift in Sources */ = {isa = PBXBuildFile; fileRef = 98CCB0BF23CD5CE100CA8C1B /* ShoppingItemCell.swift */; };
		98CCB0C223CD602800CA8C1B /* TransactionItem.swift in Sources */ = {isa = PBXBuildFile; fileRef = 98CCB0C123CD602800CA8C1B /* TransactionItem.swift */; };
		98CCB0C423CD619000CA8C1B /* TransactionItemCell.swift in Sources */ = {isa = PBXBuildFile; fileRef = 98CCB0C323CD619000CA8C1B /* TransactionItemCell.swift */; };
		98CCB0C623CD64C000CA8C1B /* CalendarManager.swift in Sources */ = {isa = PBXBuildFile; fileRef = 98CCB0C523CD64C000CA8C1B /* CalendarManager.swift */; };
		98EBB78E23E1541B00D97270 /* TransactionFormViewController.swift in Sources */ = {isa = PBXBuildFile; fileRef = 98EBB78D23E1541B00D97270 /* TransactionFormViewController.swift */; };
		98EDEFAA23CA80AD00C70424 /* AppDelegate.swift in Sources */ = {isa = PBXBuildFile; fileRef = 98EDEFA923CA80AD00C70424 /* AppDelegate.swift */; };
		98EDEFAC23CA80AD00C70424 /* SceneDelegate.swift in Sources */ = {isa = PBXBuildFile; fileRef = 98EDEFAB23CA80AD00C70424 /* SceneDelegate.swift */; };
		98EDEFAE23CA80AD00C70424 /* TabViewController.swift in Sources */ = {isa = PBXBuildFile; fileRef = 98EDEFAD23CA80AD00C70424 /* TabViewController.swift */; };
		98EDEFB023CA80AF00C70424 /* Assets.xcassets in Resources */ = {isa = PBXBuildFile; fileRef = 98EDEFAF23CA80AF00C70424 /* Assets.xcassets */; };
		98EDEFB623CA80AF00C70424 /* LaunchScreen.storyboard in Resources */ = {isa = PBXBuildFile; fileRef = 98EDEFB423CA80AF00C70424 /* LaunchScreen.storyboard */; };
		98EDEFC123CA80B000C70424 /* PlanejadorPessoalTests.swift in Sources */ = {isa = PBXBuildFile; fileRef = 98EDEFC023CA80B000C70424 /* PlanejadorPessoalTests.swift */; };
		98EDEFCC23CA80B000C70424 /* PlanejadorPessoalUITests.swift in Sources */ = {isa = PBXBuildFile; fileRef = 98EDEFCB23CA80B000C70424 /* PlanejadorPessoalUITests.swift */; };
/* End PBXBuildFile section */

/* Begin PBXContainerItemProxy section */
		98EDEFBD23CA80B000C70424 /* PBXContainerItemProxy */ = {
			isa = PBXContainerItemProxy;
			containerPortal = 98EDEF9E23CA80AD00C70424 /* Project object */;
			proxyType = 1;
			remoteGlobalIDString = 98EDEFA523CA80AD00C70424;
			remoteInfo = "Planejador Pessoal";
		};
		98EDEFC823CA80B000C70424 /* PBXContainerItemProxy */ = {
			isa = PBXContainerItemProxy;
			containerPortal = 98EDEF9E23CA80AD00C70424 /* Project object */;
			proxyType = 1;
			remoteGlobalIDString = 98EDEFA523CA80AD00C70424;
			remoteInfo = "Planejador Pessoal";
		};
/* End PBXContainerItemProxy section */

/* Begin PBXFileReference section */
		44317A5723E671A4003D854A /* ShoppingCategoriesViewController.swift */ = {isa = PBXFileReference; lastKnownFileType = sourcecode.swift; path = ShoppingCategoriesViewController.swift; sourceTree = "<group>"; };
		44317A5923E671E2003D854A /* ShoppingCategoryCell.swift */ = {isa = PBXFileReference; lastKnownFileType = sourcecode.swift; path = ShoppingCategoryCell.swift; sourceTree = "<group>"; };
		4469D28223F9CA4F004BFD29 /* CloudKit.framework */ = {isa = PBXFileReference; lastKnownFileType = wrapper.framework; name = CloudKit.framework; path = System/Library/Frameworks/CloudKit.framework; sourceTree = SDKROOT; };
		4469D28423FB26B1004BFD29 /* Record.swift */ = {isa = PBXFileReference; lastKnownFileType = sourcecode.swift; path = Record.swift; sourceTree = "<group>"; };
		982DEAD523E00D75006FC3AC /* FormSelectionPickerViewController.swift */ = {isa = PBXFileReference; lastKnownFileType = sourcecode.swift; path = FormSelectionPickerViewController.swift; sourceTree = "<group>"; };
		986074A523DFCEF30014B153 /* FormTextInputCell.swift */ = {isa = PBXFileReference; lastKnownFileType = sourcecode.swift; path = FormTextInputCell.swift; sourceTree = "<group>"; };
		986074A723DFD07E0014B153 /* FormViewController.swift */ = {isa = PBXFileReference; lastKnownFileType = sourcecode.swift; path = FormViewController.swift; sourceTree = "<group>"; };
		986074AA23DFD3E60014B153 /* FormField.swift */ = {isa = PBXFileReference; lastKnownFileType = sourcecode.swift; path = FormField.swift; sourceTree = "<group>"; };
		986074AC23DFD6DA0014B153 /* ItemFormViewController.swift */ = {isa = PBXFileReference; lastKnownFileType = sourcecode.swift; path = ItemFormViewController.swift; sourceTree = "<group>"; };
		986074AE23DFEE7A0014B153 /* FormSelectInputCell.swift */ = {isa = PBXFileReference; lastKnownFileType = sourcecode.swift; path = FormSelectInputCell.swift; sourceTree = "<group>"; };
		986074B023DFF05B0014B153 /* FormCellProtocol.swift */ = {isa = PBXFileReference; lastKnownFileType = sourcecode.swift; path = FormCellProtocol.swift; sourceTree = "<group>"; };
		9861C9A923CB97970070F05F /* PlanejadorPessoal.entitlements */ = {isa = PBXFileReference; lastKnownFileType = text.plist.entitlements; path = PlanejadorPessoal.entitlements; sourceTree = "<group>"; };
		98880EE123D0173600A54315 /* ViewUtils.swift */ = {isa = PBXFileReference; lastKnownFileType = sourcecode.swift; path = ViewUtils.swift; sourceTree = "<group>"; };
		98880EE323D024A500A54315 /* TransactionCategory.swift */ = {isa = PBXFileReference; lastKnownFileType = sourcecode.swift; path = TransactionCategory.swift; sourceTree = "<group>"; };
		9889219423CB9DF8009AB805 /* ShoppingListViewController.swift */ = {isa = PBXFileReference; lastKnownFileType = sourcecode.swift; path = ShoppingListViewController.swift; sourceTree = "<group>"; };
		9889219623CB9E09009AB805 /* FinancesPlannerViewController.swift */ = {isa = PBXFileReference; lastKnownFileType = sourcecode.swift; path = FinancesPlannerViewController.swift; sourceTree = "<group>"; };
		988921D623CC1B96009AB805 /* DatabaseManager.swift */ = {isa = PBXFileReference; lastKnownFileType = sourcecode.swift; path = DatabaseManager.swift; sourceTree = "<group>"; };
		988921DD23CC1C6D009AB805 /* ShoppingItem.swift */ = {isa = PBXFileReference; lastKnownFileType = sourcecode.swift; path = ShoppingItem.swift; sourceTree = "<group>"; };
		9890FA3323D69F6600D9DBAE /* BudgetCategoryCell.swift */ = {isa = PBXFileReference; lastKnownFileType = sourcecode.swift; path = BudgetCategoryCell.swift; sourceTree = "<group>"; };
		9890FA3523D6D35B00D9DBAE /* ShoppingCategory.swift */ = {isa = PBXFileReference; lastKnownFileType = sourcecode.swift; path = ShoppingCategory.swift; sourceTree = "<group>"; };
		989F26EF23D3CB8600B3EEED /* ConversionUtils.swift */ = {isa = PBXFileReference; lastKnownFileType = sourcecode.swift; path = ConversionUtils.swift; sourceTree = "<group>"; };
		989F26F323D69BDC00B3EEED /* BudgetCategoriesViewController.swift */ = {isa = PBXFileReference; lastKnownFileType = sourcecode.swift; path = BudgetCategoriesViewController.swift; sourceTree = "<group>"; };
		98CCB0BD23CD517500CA8C1B /* ErrorUtils.swift */ = {isa = PBXFileReference; lastKnownFileType = sourcecode.swift; path = ErrorUtils.swift; sourceTree = "<group>"; };
		98CCB0BF23CD5CE100CA8C1B /* ShoppingItemCell.swift */ = {isa = PBXFileReference; lastKnownFileType = sourcecode.swift; path = ShoppingItemCell.swift; sourceTree = "<group>"; };
		98CCB0C123CD602800CA8C1B /* TransactionItem.swift */ = {isa = PBXFileReference; lastKnownFileType = sourcecode.swift; path = TransactionItem.swift; sourceTree = "<group>"; };
		98CCB0C323CD619000CA8C1B /* TransactionItemCell.swift */ = {isa = PBXFileReference; lastKnownFileType = sourcecode.swift; path = TransactionItemCell.swift; sourceTree = "<group>"; };
		98CCB0C523CD64C000CA8C1B /* CalendarManager.swift */ = {isa = PBXFileReference; lastKnownFileType = sourcecode.swift; path = CalendarManager.swift; sourceTree = "<group>"; };
		98EBB78D23E1541B00D97270 /* TransactionFormViewController.swift */ = {isa = PBXFileReference; lastKnownFileType = sourcecode.swift; path = TransactionFormViewController.swift; sourceTree = "<group>"; };
		98EDEFA623CA80AD00C70424 /* PlanejadorPessoal.app */ = {isa = PBXFileReference; explicitFileType = wrapper.application; includeInIndex = 0; path = PlanejadorPessoal.app; sourceTree = BUILT_PRODUCTS_DIR; };
		98EDEFA923CA80AD00C70424 /* AppDelegate.swift */ = {isa = PBXFileReference; lastKnownFileType = sourcecode.swift; path = AppDelegate.swift; sourceTree = "<group>"; };
		98EDEFAB23CA80AD00C70424 /* SceneDelegate.swift */ = {isa = PBXFileReference; lastKnownFileType = sourcecode.swift; path = SceneDelegate.swift; sourceTree = "<group>"; };
		98EDEFAD23CA80AD00C70424 /* TabViewController.swift */ = {isa = PBXFileReference; lastKnownFileType = sourcecode.swift; path = TabViewController.swift; sourceTree = "<group>"; };
		98EDEFAF23CA80AF00C70424 /* Assets.xcassets */ = {isa = PBXFileReference; lastKnownFileType = folder.assetcatalog; path = Assets.xcassets; sourceTree = "<group>"; };
		98EDEFB523CA80AF00C70424 /* Base */ = {isa = PBXFileReference; lastKnownFileType = file.storyboard; name = Base; path = Base.lproj/LaunchScreen.storyboard; sourceTree = "<group>"; };
		98EDEFB723CA80B000C70424 /* Info.plist */ = {isa = PBXFileReference; lastKnownFileType = text.plist.xml; path = Info.plist; sourceTree = "<group>"; };
		98EDEFBC23CA80B000C70424 /* PlanejadorPessoalTests.xctest */ = {isa = PBXFileReference; explicitFileType = wrapper.cfbundle; includeInIndex = 0; path = PlanejadorPessoalTests.xctest; sourceTree = BUILT_PRODUCTS_DIR; };
		98EDEFC023CA80B000C70424 /* PlanejadorPessoalTests.swift */ = {isa = PBXFileReference; lastKnownFileType = sourcecode.swift; path = PlanejadorPessoalTests.swift; sourceTree = "<group>"; };
		98EDEFC223CA80B000C70424 /* Info.plist */ = {isa = PBXFileReference; lastKnownFileType = text.plist.xml; path = Info.plist; sourceTree = "<group>"; };
		98EDEFC723CA80B000C70424 /* PlanejadorPessoalUITests.xctest */ = {isa = PBXFileReference; explicitFileType = wrapper.cfbundle; includeInIndex = 0; path = PlanejadorPessoalUITests.xctest; sourceTree = BUILT_PRODUCTS_DIR; };
		98EDEFCB23CA80B000C70424 /* PlanejadorPessoalUITests.swift */ = {isa = PBXFileReference; lastKnownFileType = sourcecode.swift; path = PlanejadorPessoalUITests.swift; sourceTree = "<group>"; };
		98EDEFCD23CA80B000C70424 /* Info.plist */ = {isa = PBXFileReference; lastKnownFileType = text.plist.xml; path = Info.plist; sourceTree = "<group>"; };
/* End PBXFileReference section */

/* Begin PBXFrameworksBuildPhase section */
		98EDEFA323CA80AD00C70424 /* Frameworks */ = {
			isa = PBXFrameworksBuildPhase;
			buildActionMask = 2147483647;
			files = (
				4469D28323F9CA4F004BFD29 /* CloudKit.framework in Frameworks */,
			);
			runOnlyForDeploymentPostprocessing = 0;
		};
		98EDEFB923CA80B000C70424 /* Frameworks */ = {
			isa = PBXFrameworksBuildPhase;
			buildActionMask = 2147483647;
			files = (
			);
			runOnlyForDeploymentPostprocessing = 0;
		};
		98EDEFC423CA80B000C70424 /* Frameworks */ = {
			isa = PBXFrameworksBuildPhase;
			buildActionMask = 2147483647;
			files = (
			);
			runOnlyForDeploymentPostprocessing = 0;
		};
/* End PBXFrameworksBuildPhase section */

/* Begin PBXGroup section */
		4469D28123F9CA4F004BFD29 /* Frameworks */ = {
			isa = PBXGroup;
			children = (
				4469D28223F9CA4F004BFD29 /* CloudKit.framework */,
			);
			name = Frameworks;
			sourceTree = "<group>";
		};
		986074A923DFD3CD0014B153 /* Form */ = {
			isa = PBXGroup;
			children = (
				986074A723DFD07E0014B153 /* FormViewController.swift */,
				986074AA23DFD3E60014B153 /* FormField.swift */,
				986074B023DFF05B0014B153 /* FormCellProtocol.swift */,
				986074A523DFCEF30014B153 /* FormTextInputCell.swift */,
				986074AE23DFEE7A0014B153 /* FormSelectInputCell.swift */,
				982DEAD523E00D75006FC3AC /* FormSelectionPickerViewController.swift */,
			);
			path = Form;
			sourceTree = "<group>";
		};
		988921D823CC1BB5009AB805 /* Data */ = {
			isa = PBXGroup;
			children = (
				98CCB0C523CD64C000CA8C1B /* CalendarManager.swift */,
				988921D623CC1B96009AB805 /* DatabaseManager.swift */,
				988921DC23CC1C4D009AB805 /* Models */,
			);
			path = Data;
			sourceTree = "<group>";
		};
		988921D923CC1BC2009AB805 /* Root Delegates */ = {
			isa = PBXGroup;
			children = (
				98EDEFA923CA80AD00C70424 /* AppDelegate.swift */,
				98EDEFAB23CA80AD00C70424 /* SceneDelegate.swift */,
			);
			path = "Root Delegates";
			sourceTree = "<group>";
		};
		988921DA23CC1BD5009AB805 /* View Controllers */ = {
			isa = PBXGroup;
			children = (
				98EDEFAD23CA80AD00C70424 /* TabViewController.swift */,
				9889219423CB9DF8009AB805 /* ShoppingListViewController.swift */,
				9889219623CB9E09009AB805 /* FinancesPlannerViewController.swift */,
				989F26F323D69BDC00B3EEED /* BudgetCategoriesViewController.swift */,
				44317A5723E671A4003D854A /* ShoppingCategoriesViewController.swift */,
				986074AC23DFD6DA0014B153 /* ItemFormViewController.swift */,
				98EBB78D23E1541B00D97270 /* TransactionFormViewController.swift */,
				986074A923DFD3CD0014B153 /* Form */,
			);
			path = "View Controllers";
			sourceTree = "<group>";
		};
		988921DB23CC1BE8009AB805 /* Supporting Files */ = {
			isa = PBXGroup;
			children = (
				98EDEFAF23CA80AF00C70424 /* Assets.xcassets */,
				98EDEFB423CA80AF00C70424 /* LaunchScreen.storyboard */,
				98EDEFB723CA80B000C70424 /* Info.plist */,
			);
			path = "Supporting Files";
			sourceTree = "<group>";
		};
		988921DC23CC1C4D009AB805 /* Models */ = {
			isa = PBXGroup;
			children = (
				988921DD23CC1C6D009AB805 /* ShoppingItem.swift */,
				98CCB0C123CD602800CA8C1B /* TransactionItem.swift */,
				98880EE323D024A500A54315 /* TransactionCategory.swift */,
				9890FA3523D6D35B00D9DBAE /* ShoppingCategory.swift */,
				4469D28423FB26B1004BFD29 /* Record.swift */,
			);
			path = Models;
			sourceTree = "<group>";
		};
		98CCB0BB23CD511E00CA8C1B /* Views */ = {
			isa = PBXGroup;
			children = (
				98CCB0BF23CD5CE100CA8C1B /* ShoppingItemCell.swift */,
				98CCB0C323CD619000CA8C1B /* TransactionItemCell.swift */,
				9890FA3323D69F6600D9DBAE /* BudgetCategoryCell.swift */,
				44317A5923E671E2003D854A /* ShoppingCategoryCell.swift */,
			);
			path = Views;
			sourceTree = "<group>";
		};
		98CCB0BC23CD514D00CA8C1B /* Utils */ = {
			isa = PBXGroup;
			children = (
				98CCB0BD23CD517500CA8C1B /* ErrorUtils.swift */,
				98880EE123D0173600A54315 /* ViewUtils.swift */,
				989F26EF23D3CB8600B3EEED /* ConversionUtils.swift */,
			);
			path = Utils;
			sourceTree = "<group>";
		};
		98EDEF9D23CA80AD00C70424 = {
			isa = PBXGroup;
			children = (
				98EDEFA823CA80AD00C70424 /* PlanejadorPessoal */,
				98EDEFBF23CA80B000C70424 /* PlanejadorPessoalTests */,
				98EDEFCA23CA80B000C70424 /* PlanejadorPessoalUITests */,
				98EDEFA723CA80AD00C70424 /* Products */,
				4469D28123F9CA4F004BFD29 /* Frameworks */,
			);
			sourceTree = "<group>";
		};
		98EDEFA723CA80AD00C70424 /* Products */ = {
			isa = PBXGroup;
			children = (
				98EDEFA623CA80AD00C70424 /* PlanejadorPessoal.app */,
				98EDEFBC23CA80B000C70424 /* PlanejadorPessoalTests.xctest */,
				98EDEFC723CA80B000C70424 /* PlanejadorPessoalUITests.xctest */,
			);
			name = Products;
			sourceTree = "<group>";
		};
		98EDEFA823CA80AD00C70424 /* PlanejadorPessoal */ = {
			isa = PBXGroup;
			children = (
				9861C9A923CB97970070F05F /* PlanejadorPessoal.entitlements */,
				988921D923CC1BC2009AB805 /* Root Delegates */,
				988921DA23CC1BD5009AB805 /* View Controllers */,
				98CCB0BB23CD511E00CA8C1B /* Views */,
				988921D823CC1BB5009AB805 /* Data */,
				98CCB0BC23CD514D00CA8C1B /* Utils */,
				988921DB23CC1BE8009AB805 /* Supporting Files */,
			);
			path = PlanejadorPessoal;
			sourceTree = "<group>";
		};
		98EDEFBF23CA80B000C70424 /* PlanejadorPessoalTests */ = {
			isa = PBXGroup;
			children = (
				98EDEFC023CA80B000C70424 /* PlanejadorPessoalTests.swift */,
				98EDEFC223CA80B000C70424 /* Info.plist */,
			);
			path = PlanejadorPessoalTests;
			sourceTree = "<group>";
		};
		98EDEFCA23CA80B000C70424 /* PlanejadorPessoalUITests */ = {
			isa = PBXGroup;
			children = (
				98EDEFCB23CA80B000C70424 /* PlanejadorPessoalUITests.swift */,
				98EDEFCD23CA80B000C70424 /* Info.plist */,
			);
			path = PlanejadorPessoalUITests;
			sourceTree = "<group>";
		};
/* End PBXGroup section */

/* Begin PBXNativeTarget section */
		98EDEFA523CA80AD00C70424 /* PlanejadorPessoal */ = {
			isa = PBXNativeTarget;
			buildConfigurationList = 98EDEFD023CA80B000C70424 /* Build configuration list for PBXNativeTarget "PlanejadorPessoal" */;
			buildPhases = (
				98EDEFA223CA80AD00C70424 /* Sources */,
				98EDEFA323CA80AD00C70424 /* Frameworks */,
				98EDEFA423CA80AD00C70424 /* Resources */,
			);
			buildRules = (
			);
			dependencies = (
			);
			name = PlanejadorPessoal;
			productName = "Planejador Pessoal";
			productReference = 98EDEFA623CA80AD00C70424 /* PlanejadorPessoal.app */;
			productType = "com.apple.product-type.application";
		};
		98EDEFBB23CA80B000C70424 /* PlanejadorPessoalTests */ = {
			isa = PBXNativeTarget;
			buildConfigurationList = 98EDEFD323CA80B000C70424 /* Build configuration list for PBXNativeTarget "PlanejadorPessoalTests" */;
			buildPhases = (
				98EDEFB823CA80B000C70424 /* Sources */,
				98EDEFB923CA80B000C70424 /* Frameworks */,
				98EDEFBA23CA80B000C70424 /* Resources */,
			);
			buildRules = (
			);
			dependencies = (
				98EDEFBE23CA80B000C70424 /* PBXTargetDependency */,
			);
			name = PlanejadorPessoalTests;
			productName = "Planejador PessoalTests";
			productReference = 98EDEFBC23CA80B000C70424 /* PlanejadorPessoalTests.xctest */;
			productType = "com.apple.product-type.bundle.unit-test";
		};
		98EDEFC623CA80B000C70424 /* PlanejadorPessoalUITests */ = {
			isa = PBXNativeTarget;
			buildConfigurationList = 98EDEFD623CA80B000C70424 /* Build configuration list for PBXNativeTarget "PlanejadorPessoalUITests" */;
			buildPhases = (
				98EDEFC323CA80B000C70424 /* Sources */,
				98EDEFC423CA80B000C70424 /* Frameworks */,
				98EDEFC523CA80B000C70424 /* Resources */,
			);
			buildRules = (
			);
			dependencies = (
				98EDEFC923CA80B000C70424 /* PBXTargetDependency */,
			);
			name = PlanejadorPessoalUITests;
			productName = "Planejador PessoalUITests";
			productReference = 98EDEFC723CA80B000C70424 /* PlanejadorPessoalUITests.xctest */;
			productType = "com.apple.product-type.bundle.ui-testing";
		};
/* End PBXNativeTarget section */

/* Begin PBXProject section */
		98EDEF9E23CA80AD00C70424 /* Project object */ = {
			isa = PBXProject;
			attributes = {
				LastSwiftUpdateCheck = 1130;
				LastUpgradeCheck = 1130;
				ORGANIZATIONNAME = "Calvin Gonçalves de Aquino";
				TargetAttributes = {
					98EDEFA523CA80AD00C70424 = {
						CreatedOnToolsVersion = 11.3;
					};
					98EDEFBB23CA80B000C70424 = {
						CreatedOnToolsVersion = 11.3;
						TestTargetID = 98EDEFA523CA80AD00C70424;
					};
					98EDEFC623CA80B000C70424 = {
						CreatedOnToolsVersion = 11.3;
						TestTargetID = 98EDEFA523CA80AD00C70424;
					};
				};
			};
			buildConfigurationList = 98EDEFA123CA80AD00C70424 /* Build configuration list for PBXProject "PlanejadorPessoal" */;
			compatibilityVersion = "Xcode 11.0";
			developmentRegion = en;
			hasScannedForEncodings = 0;
			knownRegions = (
				en,
				Base,
			);
			mainGroup = 98EDEF9D23CA80AD00C70424;
			productRefGroup = 98EDEFA723CA80AD00C70424 /* Products */;
			projectDirPath = "";
			projectRoot = "";
			targets = (
				98EDEFA523CA80AD00C70424 /* PlanejadorPessoal */,
				98EDEFBB23CA80B000C70424 /* PlanejadorPessoalTests */,
				98EDEFC623CA80B000C70424 /* PlanejadorPessoalUITests */,
			);
		};
/* End PBXProject section */

/* Begin PBXResourcesBuildPhase section */
		98EDEFA423CA80AD00C70424 /* Resources */ = {
			isa = PBXResourcesBuildPhase;
			buildActionMask = 2147483647;
			files = (
				98EDEFB623CA80AF00C70424 /* LaunchScreen.storyboard in Resources */,
				98EDEFB023CA80AF00C70424 /* Assets.xcassets in Resources */,
			);
			runOnlyForDeploymentPostprocessing = 0;
		};
		98EDEFBA23CA80B000C70424 /* Resources */ = {
			isa = PBXResourcesBuildPhase;
			buildActionMask = 2147483647;
			files = (
			);
			runOnlyForDeploymentPostprocessing = 0;
		};
		98EDEFC523CA80B000C70424 /* Resources */ = {
			isa = PBXResourcesBuildPhase;
			buildActionMask = 2147483647;
			files = (
			);
			runOnlyForDeploymentPostprocessing = 0;
		};
/* End PBXResourcesBuildPhase section */

/* Begin PBXSourcesBuildPhase section */
		98EDEFA223CA80AD00C70424 /* Sources */ = {
			isa = PBXSourcesBuildPhase;
			buildActionMask = 2147483647;
			files = (
				98880EE223D0173600A54315 /* ViewUtils.swift in Sources */,
				98CCB0C223CD602800CA8C1B /* TransactionItem.swift in Sources */,
				98CCB0C023CD5CE100CA8C1B /* ShoppingItemCell.swift in Sources */,
				44317A5A23E671E2003D854A /* ShoppingCategoryCell.swift in Sources */,
				4469D28523FB26B1004BFD29 /* Record.swift in Sources */,
				989F26F423D69BDC00B3EEED /* BudgetCategoriesViewController.swift in Sources */,
				9890FA3423D69F6600D9DBAE /* BudgetCategoryCell.swift in Sources */,
				9889219723CB9E09009AB805 /* FinancesPlannerViewController.swift in Sources */,
				9889219523CB9DF8009AB805 /* ShoppingListViewController.swift in Sources */,
				988921D723CC1B96009AB805 /* DatabaseManager.swift in Sources */,
				98CCB0C423CD619000CA8C1B /* TransactionItemCell.swift in Sources */,
				989F26F023D3CB8600B3EEED /* ConversionUtils.swift in Sources */,
				986074A823DFD07E0014B153 /* FormViewController.swift in Sources */,
				98CCB0BE23CD517500CA8C1B /* ErrorUtils.swift in Sources */,
				9890FA3623D6D35B00D9DBAE /* ShoppingCategory.swift in Sources */,
				98EDEFAA23CA80AD00C70424 /* AppDelegate.swift in Sources */,
				988921DE23CC1C6D009AB805 /* ShoppingItem.swift in Sources */,
				986074B123DFF05B0014B153 /* FormCellProtocol.swift in Sources */,
				986074AD23DFD6DA0014B153 /* ItemFormViewController.swift in Sources */,
				982DEAD623E00D75006FC3AC /* FormSelectionPickerViewController.swift in Sources */,
				98EDEFAC23CA80AD00C70424 /* SceneDelegate.swift in Sources */,
				98EDEFAE23CA80AD00C70424 /* TabViewController.swift in Sources */,
				986074AB23DFD3E60014B153 /* FormField.swift in Sources */,
				986074AF23DFEE7A0014B153 /* FormSelectInputCell.swift in Sources */,
				44317A5823E671A4003D854A /* ShoppingCategoriesViewController.swift in Sources */,
				98CCB0C623CD64C000CA8C1B /* CalendarManager.swift in Sources */,
				986074A623DFCEF30014B153 /* FormTextInputCell.swift in Sources */,
				98EBB78E23E1541B00D97270 /* TransactionFormViewController.swift in Sources */,
				98880EE423D024A500A54315 /* TransactionCategory.swift in Sources */,
			);
			runOnlyForDeploymentPostprocessing = 0;
		};
		98EDEFB823CA80B000C70424 /* Sources */ = {
			isa = PBXSourcesBuildPhase;
			buildActionMask = 2147483647;
			files = (
				98EDEFC123CA80B000C70424 /* PlanejadorPessoalTests.swift in Sources */,
			);
			runOnlyForDeploymentPostprocessing = 0;
		};
		98EDEFC323CA80B000C70424 /* Sources */ = {
			isa = PBXSourcesBuildPhase;
			buildActionMask = 2147483647;
			files = (
				98EDEFCC23CA80B000C70424 /* PlanejadorPessoalUITests.swift in Sources */,
			);
			runOnlyForDeploymentPostprocessing = 0;
		};
/* End PBXSourcesBuildPhase section */

/* Begin PBXTargetDependency section */
		98EDEFBE23CA80B000C70424 /* PBXTargetDependency */ = {
			isa = PBXTargetDependency;
			target = 98EDEFA523CA80AD00C70424 /* PlanejadorPessoal */;
			targetProxy = 98EDEFBD23CA80B000C70424 /* PBXContainerItemProxy */;
		};
		98EDEFC923CA80B000C70424 /* PBXTargetDependency */ = {
			isa = PBXTargetDependency;
			target = 98EDEFA523CA80AD00C70424 /* PlanejadorPessoal */;
			targetProxy = 98EDEFC823CA80B000C70424 /* PBXContainerItemProxy */;
		};
/* End PBXTargetDependency section */

/* Begin PBXVariantGroup section */
		98EDEFB423CA80AF00C70424 /* LaunchScreen.storyboard */ = {
			isa = PBXVariantGroup;
			children = (
				98EDEFB523CA80AF00C70424 /* Base */,
			);
			name = LaunchScreen.storyboard;
			sourceTree = "<group>";
		};
/* End PBXVariantGroup section */

/* Begin XCBuildConfiguration section */
		98EDEFCE23CA80B000C70424 /* Debug */ = {
			isa = XCBuildConfiguration;
			buildSettings = {
				ALWAYS_SEARCH_USER_PATHS = NO;
				CLANG_ANALYZER_NONNULL = YES;
				CLANG_ANALYZER_NUMBER_OBJECT_CONVERSION = YES_AGGRESSIVE;
				CLANG_CXX_LANGUAGE_STANDARD = "gnu++14";
				CLANG_CXX_LIBRARY = "libc++";
				CLANG_ENABLE_MODULES = YES;
				CLANG_ENABLE_OBJC_ARC = YES;
				CLANG_ENABLE_OBJC_WEAK = YES;
				CLANG_WARN_BLOCK_CAPTURE_AUTORELEASING = YES;
				CLANG_WARN_BOOL_CONVERSION = YES;
				CLANG_WARN_COMMA = YES;
				CLANG_WARN_CONSTANT_CONVERSION = YES;
				CLANG_WARN_DEPRECATED_OBJC_IMPLEMENTATIONS = YES;
				CLANG_WARN_DIRECT_OBJC_ISA_USAGE = YES_ERROR;
				CLANG_WARN_DOCUMENTATION_COMMENTS = YES;
				CLANG_WARN_EMPTY_BODY = YES;
				CLANG_WARN_ENUM_CONVERSION = YES;
				CLANG_WARN_INFINITE_RECURSION = YES;
				CLANG_WARN_INT_CONVERSION = YES;
				CLANG_WARN_NON_LITERAL_NULL_CONVERSION = YES;
				CLANG_WARN_OBJC_IMPLICIT_RETAIN_SELF = YES;
				CLANG_WARN_OBJC_LITERAL_CONVERSION = YES;
				CLANG_WARN_OBJC_ROOT_CLASS = YES_ERROR;
				CLANG_WARN_RANGE_LOOP_ANALYSIS = YES;
				CLANG_WARN_STRICT_PROTOTYPES = YES;
				CLANG_WARN_SUSPICIOUS_MOVE = YES;
				CLANG_WARN_UNGUARDED_AVAILABILITY = YES_AGGRESSIVE;
				CLANG_WARN_UNREACHABLE_CODE = YES;
				CLANG_WARN__DUPLICATE_METHOD_MATCH = YES;
				COPY_PHASE_STRIP = NO;
				DEBUG_INFORMATION_FORMAT = dwarf;
				ENABLE_STRICT_OBJC_MSGSEND = YES;
				ENABLE_TESTABILITY = YES;
				GCC_C_LANGUAGE_STANDARD = gnu11;
				GCC_DYNAMIC_NO_PIC = NO;
				GCC_NO_COMMON_BLOCKS = YES;
				GCC_OPTIMIZATION_LEVEL = 0;
				GCC_PREPROCESSOR_DEFINITIONS = (
					"DEBUG=1",
					"$(inherited)",
				);
				GCC_WARN_64_TO_32_BIT_CONVERSION = YES;
				GCC_WARN_ABOUT_RETURN_TYPE = YES_ERROR;
				GCC_WARN_UNDECLARED_SELECTOR = YES;
				GCC_WARN_UNINITIALIZED_AUTOS = YES_AGGRESSIVE;
				GCC_WARN_UNUSED_FUNCTION = YES;
				GCC_WARN_UNUSED_VARIABLE = YES;
				IPHONEOS_DEPLOYMENT_TARGET = 13.2;
				MTL_ENABLE_DEBUG_INFO = INCLUDE_SOURCE;
				MTL_FAST_MATH = YES;
				ONLY_ACTIVE_ARCH = YES;
				SDKROOT = iphoneos;
				SWIFT_ACTIVE_COMPILATION_CONDITIONS = DEBUG;
				SWIFT_OPTIMIZATION_LEVEL = "-Onone";
				SWIFT_VERSION = 5.0;
			};
			name = Debug;
		};
		98EDEFCF23CA80B000C70424 /* Release */ = {
			isa = XCBuildConfiguration;
			buildSettings = {
				ALWAYS_SEARCH_USER_PATHS = NO;
				CLANG_ANALYZER_NONNULL = YES;
				CLANG_ANALYZER_NUMBER_OBJECT_CONVERSION = YES_AGGRESSIVE;
				CLANG_CXX_LANGUAGE_STANDARD = "gnu++14";
				CLANG_CXX_LIBRARY = "libc++";
				CLANG_ENABLE_MODULES = YES;
				CLANG_ENABLE_OBJC_ARC = YES;
				CLANG_ENABLE_OBJC_WEAK = YES;
				CLANG_WARN_BLOCK_CAPTURE_AUTORELEASING = YES;
				CLANG_WARN_BOOL_CONVERSION = YES;
				CLANG_WARN_COMMA = YES;
				CLANG_WARN_CONSTANT_CONVERSION = YES;
				CLANG_WARN_DEPRECATED_OBJC_IMPLEMENTATIONS = YES;
				CLANG_WARN_DIRECT_OBJC_ISA_USAGE = YES_ERROR;
				CLANG_WARN_DOCUMENTATION_COMMENTS = YES;
				CLANG_WARN_EMPTY_BODY = YES;
				CLANG_WARN_ENUM_CONVERSION = YES;
				CLANG_WARN_INFINITE_RECURSION = YES;
				CLANG_WARN_INT_CONVERSION = YES;
				CLANG_WARN_NON_LITERAL_NULL_CONVERSION = YES;
				CLANG_WARN_OBJC_IMPLICIT_RETAIN_SELF = YES;
				CLANG_WARN_OBJC_LITERAL_CONVERSION = YES;
				CLANG_WARN_OBJC_ROOT_CLASS = YES_ERROR;
				CLANG_WARN_RANGE_LOOP_ANALYSIS = YES;
				CLANG_WARN_STRICT_PROTOTYPES = YES;
				CLANG_WARN_SUSPICIOUS_MOVE = YES;
				CLANG_WARN_UNGUARDED_AVAILABILITY = YES_AGGRESSIVE;
				CLANG_WARN_UNREACHABLE_CODE = YES;
				CLANG_WARN__DUPLICATE_METHOD_MATCH = YES;
				COPY_PHASE_STRIP = NO;
				DEBUG_INFORMATION_FORMAT = "dwarf-with-dsym";
				ENABLE_NS_ASSERTIONS = NO;
				ENABLE_STRICT_OBJC_MSGSEND = YES;
				GCC_C_LANGUAGE_STANDARD = gnu11;
				GCC_NO_COMMON_BLOCKS = YES;
				GCC_WARN_64_TO_32_BIT_CONVERSION = YES;
				GCC_WARN_ABOUT_RETURN_TYPE = YES_ERROR;
				GCC_WARN_UNDECLARED_SELECTOR = YES;
				GCC_WARN_UNINITIALIZED_AUTOS = YES_AGGRESSIVE;
				GCC_WARN_UNUSED_FUNCTION = YES;
				GCC_WARN_UNUSED_VARIABLE = YES;
				IPHONEOS_DEPLOYMENT_TARGET = 13.2;
				MTL_ENABLE_DEBUG_INFO = NO;
				MTL_FAST_MATH = YES;
				SDKROOT = iphoneos;
				SWIFT_COMPILATION_MODE = wholemodule;
				SWIFT_OPTIMIZATION_LEVEL = "-O";
				SWIFT_VERSION = 5.0;
				VALIDATE_PRODUCT = YES;
			};
			name = Release;
		};
		98EDEFD123CA80B000C70424 /* Debug */ = {
			isa = XCBuildConfiguration;
			buildSettings = {
				ASSETCATALOG_COMPILER_APPICON_NAME = AppIcon;
				CODE_SIGN_ENTITLEMENTS = PlanejadorPessoal/PlanejadorPessoal.entitlements;
				"CODE_SIGN_IDENTITY[sdk=macosx*]" = "Apple Development";
				CODE_SIGN_STYLE = Automatic;
				DERIVE_MACCATALYST_PRODUCT_BUNDLE_IDENTIFIER = YES;
				DEVELOPMENT_ASSET_PATHS = "";
				DEVELOPMENT_TEAM = 5F35F2ZNFF;
				ENABLE_PREVIEWS = YES;
				INFOPLIST_FILE = "$(SRCROOT)/PlanejadorPessoal/Supporting Files/Info.plist";
				LD_RUNPATH_SEARCH_PATHS = (
					"$(inherited)",
					"@executable_path/Frameworks",
				);
				PRODUCT_BUNDLE_IDENTIFIER = com.calvinaquino.planner;
				PRODUCT_NAME = "$(TARGET_NAME)";
				SUPPORTS_MACCATALYST = YES;
				SWIFT_VERSION = 5.0;
				TARGETED_DEVICE_FAMILY = "1,2";
			};
			name = Debug;
		};
		98EDEFD223CA80B000C70424 /* Release */ = {
			isa = XCBuildConfiguration;
			buildSettings = {
				ASSETCATALOG_COMPILER_APPICON_NAME = AppIcon;
				CODE_SIGN_ENTITLEMENTS = PlanejadorPessoal/PlanejadorPessoal.entitlements;
				"CODE_SIGN_IDENTITY[sdk=macosx*]" = "Apple Development";
				CODE_SIGN_STYLE = Automatic;
				DERIVE_MACCATALYST_PRODUCT_BUNDLE_IDENTIFIER = YES;
				DEVELOPMENT_ASSET_PATHS = "";
				DEVELOPMENT_TEAM = 5F35F2ZNFF;
				ENABLE_PREVIEWS = YES;
				INFOPLIST_FILE = "$(SRCROOT)/PlanejadorPessoal/Supporting Files/Info.plist";
				LD_RUNPATH_SEARCH_PATHS = (
					"$(inherited)",
					"@executable_path/Frameworks",
				);
				PRODUCT_BUNDLE_IDENTIFIER = com.calvinaquino.planner;
				PRODUCT_NAME = "$(TARGET_NAME)";
				SUPPORTS_MACCATALYST = YES;
				SWIFT_VERSION = 5.0;
				TARGETED_DEVICE_FAMILY = "1,2";
			};
			name = Release;
		};
		98EDEFD423CA80B000C70424 /* Debug */ = {
			isa = XCBuildConfiguration;
			buildSettings = {
				ALWAYS_EMBED_SWIFT_STANDARD_LIBRARIES = YES;
				BUNDLE_LOADER = "$(TEST_HOST)";
				CODE_SIGN_STYLE = Automatic;
				DEVELOPMENT_TEAM = 5F35F2ZNFF;
				INFOPLIST_FILE = PlanejadorPessoalTests/Info.plist;
				IPHONEOS_DEPLOYMENT_TARGET = 13.2;
				LD_RUNPATH_SEARCH_PATHS = (
					"$(inherited)",
					"@executable_path/Frameworks",
					"@loader_path/Frameworks",
				);
				PRODUCT_BUNDLE_IDENTIFIER = "cga.Planejador-PessoalTests";
				PRODUCT_NAME = "$(TARGET_NAME)";
				SWIFT_VERSION = 5.0;
				TARGETED_DEVICE_FAMILY = "1,2";
				TEST_HOST = "$(BUILT_PRODUCTS_DIR)/PlanejadorPessoal.app/PlanejadorPessoal";
			};
			name = Debug;
		};
		98EDEFD523CA80B000C70424 /* Release */ = {
			isa = XCBuildConfiguration;
			buildSettings = {
				ALWAYS_EMBED_SWIFT_STANDARD_LIBRARIES = YES;
				BUNDLE_LOADER = "$(TEST_HOST)";
				CODE_SIGN_STYLE = Automatic;
				DEVELOPMENT_TEAM = 5F35F2ZNFF;
				INFOPLIST_FILE = PlanejadorPessoalTests/Info.plist;
				IPHONEOS_DEPLOYMENT_TARGET = 13.2;
				LD_RUNPATH_SEARCH_PATHS = (
					"$(inherited)",
					"@executable_path/Frameworks",
					"@loader_path/Frameworks",
				);
				PRODUCT_BUNDLE_IDENTIFIER = "cga.Planejador-PessoalTests";
				PRODUCT_NAME = "$(TARGET_NAME)";
				SWIFT_VERSION = 5.0;
				TARGETED_DEVICE_FAMILY = "1,2";
				TEST_HOST = "$(BUILT_PRODUCTS_DIR)/PlanejadorPessoal.app/PlanejadorPessoal";
			};
			name = Release;
		};
		98EDEFD723CA80B000C70424 /* Debug */ = {
			isa = XCBuildConfiguration;
			buildSettings = {
				ALWAYS_EMBED_SWIFT_STANDARD_LIBRARIES = YES;
				CODE_SIGN_STYLE = Automatic;
				DEVELOPMENT_TEAM = 5F35F2ZNFF;
				INFOPLIST_FILE = PlanejadorPessoalUITests/Info.plist;
				LD_RUNPATH_SEARCH_PATHS = (
					"$(inherited)",
					"@executable_path/Frameworks",
					"@loader_path/Frameworks",
				);
				PRODUCT_BUNDLE_IDENTIFIER = "cga.Planejador-PessoalUITests";
				PRODUCT_NAME = "$(TARGET_NAME)";
				SWIFT_VERSION = 5.0;
				TARGETED_DEVICE_FAMILY = "1,2";
				TEST_TARGET_NAME = "Planejador Pessoal";
			};
			name = Debug;
		};
		98EDEFD823CA80B000C70424 /* Release */ = {
			isa = XCBuildConfiguration;
			buildSettings = {
				ALWAYS_EMBED_SWIFT_STANDARD_LIBRARIES = YES;
				CODE_SIGN_STYLE = Automatic;
				DEVELOPMENT_TEAM = 5F35F2ZNFF;
				INFOPLIST_FILE = PlanejadorPessoalUITests/Info.plist;
				LD_RUNPATH_SEARCH_PATHS = (
					"$(inherited)",
					"@executable_path/Frameworks",
					"@loader_path/Frameworks",
				);
				PRODUCT_BUNDLE_IDENTIFIER = "cga.Planejador-PessoalUITests";
				PRODUCT_NAME = "$(TARGET_NAME)";
				SWIFT_VERSION = 5.0;
				TARGETED_DEVICE_FAMILY = "1,2";
				TEST_TARGET_NAME = "Planejador Pessoal";
			};
			name = Release;
		};
/* End XCBuildConfiguration section */

/* Begin XCConfigurationList section */
		98EDEFA123CA80AD00C70424 /* Build configuration list for PBXProject "PlanejadorPessoal" */ = {
			isa = XCConfigurationList;
			buildConfigurations = (
				98EDEFCE23CA80B000C70424 /* Debug */,
				98EDEFCF23CA80B000C70424 /* Release */,
			);
			defaultConfigurationIsVisible = 0;
			defaultConfigurationName = Release;
		};
		98EDEFD023CA80B000C70424 /* Build configuration list for PBXNativeTarget "PlanejadorPessoal" */ = {
			isa = XCConfigurationList;
			buildConfigurations = (
				98EDEFD123CA80B000C70424 /* Debug */,
				98EDEFD223CA80B000C70424 /* Release */,
			);
			defaultConfigurationIsVisible = 0;
			defaultConfigurationName = Release;
		};
		98EDEFD323CA80B000C70424 /* Build configuration list for PBXNativeTarget "PlanejadorPessoalTests" */ = {
			isa = XCConfigurationList;
			buildConfigurations = (
				98EDEFD423CA80B000C70424 /* Debug */,
				98EDEFD523CA80B000C70424 /* Release */,
			);
			defaultConfigurationIsVisible = 0;
			defaultConfigurationName = Release;
		};
		98EDEFD623CA80B000C70424 /* Build configuration list for PBXNativeTarget "PlanejadorPessoalUITests" */ = {
			isa = XCConfigurationList;
			buildConfigurations = (
				98EDEFD723CA80B000C70424 /* Debug */,
				98EDEFD823CA80B000C70424 /* Release */,
			);
			defaultConfigurationIsVisible = 0;
			defaultConfigurationName = Release;
		};
/* End XCConfigurationList section */
	};
	rootObject = 98EDEF9E23CA80AD00C70424 /* Project object */;
}
